
Microsoft Visual Studio Solution File, Format Version 12.00
# Visual Studio 15
VisualStudioVersion = 15.0.28307.1209
MinimumVisualStudioVersion = 10.0.40219.1
Project("{FAE04EC0-301F-11D3-BF4B-00C04F79EFBC}") = "PromotionCart.Engine", "PromotionCart.Engine\PromotionCart.Engine.csproj", "{E8E6A95F-667E-4CBA-95A4-223739D29806}"
EndProject
Project("{FAE04EC0-301F-11D3-BF4B-00C04F79EFBC}") = "PromotionCart.Tests", "PromotionCart.Tests\PromotionCart.Tests.csproj", "{B8473DE8-5341-44E1-A4C1-8C1D2D2E5EE0}"
EndProject
Global
	GlobalSection(SolutionConfigurationPlatforms) = preSolution
		Debug|Any CPU = Debug|Any CPU
		Release|Any CPU = Release|Any CPU
	EndGlobalSection
	GlobalSection(ProjectConfigurationPlatforms) = postSolution
		{E8E6A95F-667E-4CBA-95A4-223739D29806}.Debug|Any CPU.ActiveCfg = Debug|Any CPU
		{E8E6A95F-667E-4CBA-95A4-223739D29806}.Debug|Any CPU.Build.0 = Debug|Any CPU
		{E8E6A95F-667E-4CBA-95A4-223739D29806}.Release|Any CPU.ActiveCfg = Release|Any CPU
		{E8E6A95F-667E-4CBA-95A4-223739D29806}.Release|Any CPU.Build.0 = Release|Any CPU
		{B8473DE8-5341-44E1-A4C1-8C1D2D2E5EE0}.Debug|Any CPU.ActiveCfg = Debug|Any CPU
		{B8473DE8-5341-44E1-A4C1-8C1D2D2E5EE0}.Debug|Any CPU.Build.0 = Debug|Any CPU
		{B8473DE8-5341-44E1-A4C1-8C1D2D2E5EE0}.Release|Any CPU.ActiveCfg = Release|Any CPU
		{B8473DE8-5341-44E1-A4C1-8C1D2D2E5EE0}.Release|Any CPU.Build.0 = Release|Any CPU
	EndGlobalSection
	GlobalSection(SolutionProperties) = preSolution
		HideSolutionNode = FALSE
	EndGlobalSection
	GlobalSection(ExtensibilityGlobals) = postSolution
		SolutionGuid = {D8C839F3-0FC8-44A3-AC76-4CE4583CBD09}
	EndGlobalSection
EndGlobal
